Microsoft Visual Studio Solution File, Format Version 12.00
# Visual Studio 15
VisualStudioVersion = 15.0.28307.779
MinimumVisualStudioVersion = 10.0.40219.1
Project("{2150E333-8FDC-42A3-9474-1A3956D46DE8}") = "src", "src", "{15C60A39-3EE8-4E05-A96A-EE347086A1F5}"
EndProject
Project("{2150E333-8FDC-42A3-9474-1A3956D46DE8}") = "test", "test", "{DC2D1A93-337F-46C5-BB85-48866A09B263}"
EndProject
Project("{2150E333-8FDC-42A3-9474-1A3956D46DE8}") = "MicroServicos", "MicroServicos", "{1198640C-AC76-4E39-9BF6-75634EC18AEE}"
EndProject
Project("{2150E333-8FDC-42A3-9474-1A3956D46DE8}") = "Identity", "Identity", "{F6CD1E12-5BE6-47F6-8E8A-41B29FB4DDEC}"
EndProject
Project("{2150E333-8FDC-42A3-9474-1A3956D46DE8}") = "Vagas", "Vagas", "{F82844A2-A8AD-481E-B896-5A0A6FB7B0D4}"
EndProject
Project("{2150E333-8FDC-42A3-9474-1A3956D46DE8}") = "Eventos", "Eventos", "{FDC2F4C7-D6E3-4210-B06B-A7240AE2836F}"
EndProject
Project("{2150E333-8FDC-42A3-9474-1A3956D46DE8}") = "ApiGateway", "ApiGateway", "{7774EFCA-12C8-448B-BE04-3BE5A261D245}"
EndProject
Project("{2150E333-8FDC-42A3-9474-1A3956D46DE8}") = "Dominio", "Dominio", "{51E128C4-AA4B-4DE5-94E1-5E9BDFC37071}"
EndProject
Project("{2150E333-8FDC-42A3-9474-1A3956D46DE8}") = "Infra.Data", "Infra.Data", "{557029CB-942E-4301-A7EA-2E209D14AB4D}"
EndProject
Project("{2150E333-8FDC-42A3-9474-1A3956D46DE8}") = "Servicos", "Servicos", "{ACB54349-565E-4677-A385-53F1EEBC0782}"
EndProject
Project("{2150E333-8FDC-42A3-9474-1A3956D46DE8}") = "Apresentacao", "Apresentacao", "{94D86287-21AF-49AF-B596-B29DE04020B7}"
EndProject
Project("{2150E333-8FDC-42A3-9474-1A3956D46DE8}") = "Apresentacao", "Apresentacao", "{6D88F7C7-80A4-4F0D-AF7B-40B7CDEDC622}"
EndProject
Project("{2150E333-8FDC-42A3-9474-1A3956D46DE8}") = "Infra.Data", "Infra.Data", "{6320870A-1A8E-4996-94B0-958F07206367}"
EndProject
Project("{2150E333-8FDC-42A3-9474-1A3956D46DE8}") = "Servicos", "Servicos", "{65561D12-2AAE-4B09-A30E-E7490E85B865}"
EndProject
Project("{9A19103F-16F7-4668-BE54-9A1E7A4F7556}") = "CorujasDev.Vagas.Dominio", "src\MicroServicos\Vagas\CorujasDev.Vagas.Dominio\CorujasDev.Vagas.Dominio.csproj", "{0BEFE008-728B-402D-B249-891807A02480}"
EndProject
Project("{9A19103F-16F7-4668-BE54-9A1E7A4F7556}") = "CorujasDev.Vagas.Infra.Data", "src\MicroServicos\Vagas\CorujasDev.Vagas.Infra.Data\CorujasDev.Vagas.Infra.Data.csproj", "{59DEBF01-55EC-45A5-83E4-486B9C2D64F3}"
EndProject
Project("{9A19103F-16F7-4668-BE54-9A1E7A4F7556}") = "CorujasDev.Vagas.Servicos", "src\MicroServicos\Vagas\CorujasDev.Vagas.Servicos\CorujasDev.Vagas.Servicos.csproj", "{0D88C011-3301-4B9D-88D8-C0413B111E8C}"
EndProject
Project("{9A19103F-16F7-4668-BE54-9A1E7A4F7556}") = "CorujasDev.Vagas.Web.Api", "src\MicroServicos\Vagas\CorujasDev.Vagas.Web.Api\CorujasDev.Vagas.Web.Api.csproj", "{811A83D9-486C-40E5-96E7-31D3E629C8E9}"
EndProject
Project("{9A19103F-16F7-4668-BE54-9A1E7A4F7556}") = "CorujasDev.Web.Apigateway", "src\ApiGateway\CorujasDev.Web.Apigateway\CorujasDev.Web.Apigateway.csproj", "{99789285-4677-4C43-A896-C866B1C0E73B}"
EndProject
Project("{2150E333-8FDC-42A3-9474-1A3956D46DE8}") = "Dominio", "Dominio", "{F52AA3BC-6DE1-4B6B-89CE-A99B3E31E127}"
EndProject
Project("{9A19103F-16F7-4668-BE54-9A1E7A4F7556}") = "CorujasDev.Eventos.Dominio", "src\MicroServicos\Eventos\CorujasDev.Eventos.Dominio\CorujasDev.Eventos.Dominio.csproj", "{4BD72097-725F-4320-A222-436CD1A5169D}"
EndProject
Project("{9A19103F-16F7-4668-BE54-9A1E7A4F7556}") = "CorujasDev.Eventos.Infra.Data", "src\MicroServicos\Eventos\CorujasDev.Eventos.Infra.Data\CorujasDev.Eventos.Infra.Data.csproj", "{DA3A1672-8700-4CE3-B919-A190CD9EB4C8}"
EndProject
Project("{9A19103F-16F7-4668-BE54-9A1E7A4F7556}") = "CorujasDev.Eventos.Servicos", "src\MicroServicos\Eventos\CorujasDev.Eventos.Servicos\CorujasDev.Eventos.Servicos.csproj", "{D4CEACF1-2FB9-473A-B748-31655B86CC76}"
EndProject
Project("{9A19103F-16F7-4668-BE54-9A1E7A4F7556}") = "CorujasDev.Eventos.Web.Api", "src\MicroServicos\Eventos\CorujasDev.Eventos.Web.Api\CorujasDev.Eventos.Web.Api.csproj", "{2280840A-7EBD-4CE2-8B29-1848189DE97E}"
EndProject
Project("{2150E333-8FDC-42A3-9474-1A3956D46DE8}") = "Apresentacao", "Apresentacao", "{BAA04909-CF33-44CC-9DC6-E5B12F4186D9}"
EndProject
Project("{2150E333-8FDC-42A3-9474-1A3956D46DE8}") = "Dominio", "Dominio", "{4F57823E-CBF4-4F00-B409-32B102AB58B8}"
EndProject
Project("{2150E333-8FDC-42A3-9474-1A3956D46DE8}") = "Infra.Data", "Infra.Data", "{0505B8C1-D836-472D-8BDE-CDE436A8CC32}"
EndProject
Project("{2150E333-8FDC-42A3-9474-1A3956D46DE8}") = "Servicos", "Servicos", "{04C49558-B255-460E-A7E4-D21FDCD9BAF9}"
EndProject
Project("{9A19103F-16F7-4668-BE54-9A1E7A4F7556}") = "CorujasDev.Identity.Dominio", "src\MicroServicos\Identity\CorujasDev.Identity.Dominio\CorujasDev.Identity.Dominio.csproj", "{817F3B10-CD1D-4209-8470-4E12EB605AB5}"
EndProject
Project("{9A19103F-16F7-4668-BE54-9A1E7A4F7556}") = "CorujasDev.Identity.Infra.Data", "src\MicroServicos\Identity\CorujasDev.Identity.Infra.Data\CorujasDev.Identity.Infra.Data.csproj", "{9B31C41D-7655-4CBB-AA34-E59F09D4FD8E}"
EndProject
Project("{9A19103F-16F7-4668-BE54-9A1E7A4F7556}") = "CorujasDev.Identity.Servicos", "src\MicroServicos\Identity\CorujasDev.Identity.Servicos\CorujasDev.Identity.Servicos.csproj", "{CF965026-60E5-460E-BEB9-D544CB6AD991}"
EndProject
Project("{FAE04EC0-301F-11D3-BF4B-00C04F79EFBC}") = "CorujasDev.Identity.Web.Api", "src\MicroServicos\Identity\CorujasDev.Identity.Web.Api\CorujasDev.Identity.Web.Api.csproj", "{367EDDA8-3D23-485A-A59B-DB5827D48160}"
EndProject
Global
	GlobalSection(SolutionConfigurationPlatforms) = preSolution
		Debug|Any CPU = Debug|Any CPU
		Release|Any CPU = Release|Any CPU
	EndGlobalSection
	GlobalSection(ProjectConfigurationPlatforms) = postSolution
		{0BEFE008-728B-402D-B249-891807A02480}.Debug|Any CPU.ActiveCfg = Debug|Any CPU
		{0BEFE008-728B-402D-B249-891807A02480}.Debug|Any CPU.Build.0 = Debug|Any CPU
		{0BEFE008-728B-402D-B249-891807A02480}.Release|Any CPU.ActiveCfg = Release|Any CPU
		{0BEFE008-728B-402D-B249-891807A02480}.Release|Any CPU.Build.0 = Release|Any CPU
		{59DEBF01-55EC-45A5-83E4-486B9C2D64F3}.Debug|Any CPU.ActiveCfg = Debug|Any CPU
		{59DEBF01-55EC-45A5-83E4-486B9C2D64F3}.Debug|Any CPU.Build.0 = Debug|Any CPU
		{59DEBF01-55EC-45A5-83E4-486B9C2D64F3}.Release|Any CPU.ActiveCfg = Release|Any CPU
		{59DEBF01-55EC-45A5-83E4-486B9C2D64F3}.Release|Any CPU.Build.0 = Release|Any CPU
		{0D88C011-3301-4B9D-88D8-C0413B111E8C}.Debug|Any CPU.ActiveCfg = Debug|Any CPU
		{0D88C011-3301-4B9D-88D8-C0413B111E8C}.Debug|Any CPU.Build.0 = Debug|Any CPU
		{0D88C011-3301-4B9D-88D8-C0413B111E8C}.Release|Any CPU.ActiveCfg = Release|Any CPU
		{0D88C011-3301-4B9D-88D8-C0413B111E8C}.Release|Any CPU.Build.0 = Release|Any CPU
		{811A83D9-486C-40E5-96E7-31D3E629C8E9}.Debug|Any CPU.ActiveCfg = Debug|Any CPU
		{811A83D9-486C-40E5-96E7-31D3E629C8E9}.Debug|Any CPU.Build.0 = Debug|Any CPU
		{811A83D9-486C-40E5-96E7-31D3E629C8E9}.Release|Any CPU.ActiveCfg = Release|Any CPU
		{811A83D9-486C-40E5-96E7-31D3E629C8E9}.Release|Any CPU.Build.0 = Release|Any CPU
		{99789285-4677-4C43-A896-C866B1C0E73B}.Debug|Any CPU.ActiveCfg = Debug|Any CPU
		{99789285-4677-4C43-A896-C866B1C0E73B}.Debug|Any CPU.Build.0 = Debug|Any CPU
		{99789285-4677-4C43-A896-C866B1C0E73B}.Release|Any CPU.ActiveCfg = Release|Any CPU
		{99789285-4677-4C43-A896-C866B1C0E73B}.Release|Any CPU.Build.0 = Release|Any CPU
		{4BD72097-725F-4320-A222-436CD1A5169D}.Debug|Any CPU.ActiveCfg = Debug|Any CPU
		{4BD72097-725F-4320-A222-436CD1A5169D}.Debug|Any CPU.Build.0 = Debug|Any CPU
		{4BD72097-725F-4320-A222-436CD1A5169D}.Release|Any CPU.ActiveCfg = Release|Any CPU
		{4BD72097-725F-4320-A222-436CD1A5169D}.Release|Any CPU.Build.0 = Release|Any CPU
		{DA3A1672-8700-4CE3-B919-A190CD9EB4C8}.Debug|Any CPU.ActiveCfg = Debug|Any CPU
		{DA3A1672-8700-4CE3-B919-A190CD9EB4C8}.Debug|Any CPU.Build.0 = Debug|Any CPU
		{DA3A1672-8700-4CE3-B919-A190CD9EB4C8}.Release|Any CPU.ActiveCfg = Release|Any CPU
		{DA3A1672-8700-4CE3-B919-A190CD9EB4C8}.Release|Any CPU.Build.0 = Release|Any CPU
		{D4CEACF1-2FB9-473A-B748-31655B86CC76}.Debug|Any CPU.ActiveCfg = Debug|Any CPU
		{D4CEACF1-2FB9-473A-B748-31655B86CC76}.Debug|Any CPU.Build.0 = Debug|Any CPU
		{D4CEACF1-2FB9-473A-B748-31655B86CC76}.Release|Any CPU.ActiveCfg = Release|Any CPU
		{D4CEACF1-2FB9-473A-B748-31655B86CC76}.Release|Any CPU.Build.0 = Release|Any CPU
		{2280840A-7EBD-4CE2-8B29-1848189DE97E}.Debug|Any CPU.ActiveCfg = Debug|Any CPU
		{2280840A-7EBD-4CE2-8B29-1848189DE97E}.Debug|Any CPU.Build.0 = Debug|Any CPU
		{2280840A-7EBD-4CE2-8B29-1848189DE97E}.Release|Any CPU.ActiveCfg = Release|Any CPU
		{2280840A-7EBD-4CE2-8B29-1848189DE97E}.Release|Any CPU.Build.0 = Release|Any CPU
		{817F3B10-CD1D-4209-8470-4E12EB605AB5}.Debug|Any CPU.ActiveCfg = Debug|Any CPU
		{817F3B10-CD1D-4209-8470-4E12EB605AB5}.Debug|Any CPU.Build.0 = Debug|Any CPU
		{817F3B10-CD1D-4209-8470-4E12EB605AB5}.Release|Any CPU.ActiveCfg = Release|Any CPU
		{817F3B10-CD1D-4209-8470-4E12EB605AB5}.Release|Any CPU.Build.0 = Release|Any CPU
		{9B31C41D-7655-4CBB-AA34-E59F09D4FD8E}.Debug|Any CPU.ActiveCfg = Debug|Any CPU
		{9B31C41D-7655-4CBB-AA34-E59F09D4FD8E}.Debug|Any CPU.Build.0 = Debug|Any CPU
		{9B31C41D-7655-4CBB-AA34-E59F09D4FD8E}.Release|Any CPU.ActiveCfg = Release|Any CPU
		{9B31C41D-7655-4CBB-AA34-E59F09D4FD8E}.Release|Any CPU.Build.0 = Release|Any CPU
		{CF965026-60E5-460E-BEB9-D544CB6AD991}.Debug|Any CPU.ActiveCfg = Debug|Any CPU
		{CF965026-60E5-460E-BEB9-D544CB6AD991}.Debug|Any CPU.Build.0 = Debug|Any CPU
		{CF965026-60E5-460E-BEB9-D544CB6AD991}.Release|Any CPU.ActiveCfg = Release|Any CPU
		{CF965026-60E5-460E-BEB9-D544CB6AD991}.Release|Any CPU.Build.0 = Release|Any CPU
		{367EDDA8-3D23-485A-A59B-DB5827D48160}.Debug|Any CPU.ActiveCfg = Debug|Any CPU
		{367EDDA8-3D23-485A-A59B-DB5827D48160}.Debug|Any CPU.Build.0 = Debug|Any CPU
		{367EDDA8-3D23-485A-A59B-DB5827D48160}.Release|Any CPU.ActiveCfg = Release|Any CPU
		{367EDDA8-3D23-485A-A59B-DB5827D48160}.Release|Any CPU.Build.0 = Release|Any CPU
	EndGlobalSection
	GlobalSection(SolutionProperties) = preSolution
		HideSolutionNode = FALSE
	EndGlobalSection
	GlobalSection(NestedProjects) = preSolution
		{1198640C-AC76-4E39-9BF6-75634EC18AEE} = {15C60A39-3EE8-4E05-A96A-EE347086A1F5}
		{F6CD1E12-5BE6-47F6-8E8A-41B29FB4DDEC} = {1198640C-AC76-4E39-9BF6-75634EC18AEE}
		{F82844A2-A8AD-481E-B896-5A0A6FB7B0D4} = {1198640C-AC76-4E39-9BF6-75634EC18AEE}
		{FDC2F4C7-D6E3-4210-B06B-A7240AE2836F} = {1198640C-AC76-4E39-9BF6-75634EC18AEE}
		{7774EFCA-12C8-448B-BE04-3BE5A261D245} = {15C60A39-3EE8-4E05-A96A-EE347086A1F5}
		{51E128C4-AA4B-4DE5-94E1-5E9BDFC37071} = {F82844A2-A8AD-481E-B896-5A0A6FB7B0D4}
		{557029CB-942E-4301-A7EA-2E209D14AB4D} = {F82844A2-A8AD-481E-B896-5A0A6FB7B0D4}
		{ACB54349-565E-4677-A385-53F1EEBC0782} = {F82844A2-A8AD-481E-B896-5A0A6FB7B0D4}
		{94D86287-21AF-49AF-B596-B29DE04020B7} = {F82844A2-A8AD-481E-B896-5A0A6FB7B0D4}
		{6D88F7C7-80A4-4F0D-AF7B-40B7CDEDC622} = {FDC2F4C7-D6E3-4210-B06B-A7240AE2836F}
		{6320870A-1A8E-4996-94B0-958F07206367} = {FDC2F4C7-D6E3-4210-B06B-A7240AE2836F}
		{65561D12-2AAE-4B09-A30E-E7490E85B865} = {FDC2F4C7-D6E3-4210-B06B-A7240AE2836F}
		{0BEFE008-728B-402D-B249-891807A02480} = {51E128C4-AA4B-4DE5-94E1-5E9BDFC37071}
		{59DEBF01-55EC-45A5-83E4-486B9C2D64F3} = {557029CB-942E-4301-A7EA-2E209D14AB4D}
		{0D88C011-3301-4B9D-88D8-C0413B111E8C} = {ACB54349-565E-4677-A385-53F1EEBC0782}
		{811A83D9-486C-40E5-96E7-31D3E629C8E9} = {94D86287-21AF-49AF-B596-B29DE04020B7}
		{99789285-4677-4C43-A896-C866B1C0E73B} = {7774EFCA-12C8-448B-BE04-3BE5A261D245}
		{F52AA3BC-6DE1-4B6B-89CE-A99B3E31E127} = {FDC2F4C7-D6E3-4210-B06B-A7240AE2836F}
		{4BD72097-725F-4320-A222-436CD1A5169D} = {F52AA3BC-6DE1-4B6B-89CE-A99B3E31E127}
		{DA3A1672-8700-4CE3-B919-A190CD9EB4C8} = {6320870A-1A8E-4996-94B0-958F07206367}
		{D4CEACF1-2FB9-473A-B748-31655B86CC76} = {65561D12-2AAE-4B09-A30E-E7490E85B865}
		{2280840A-7EBD-4CE2-8B29-1848189DE97E} = {6D88F7C7-80A4-4F0D-AF7B-40B7CDEDC622}
		{BAA04909-CF33-44CC-9DC6-E5B12F4186D9} = {F6CD1E12-5BE6-47F6-8E8A-41B29FB4DDEC}
		{4F57823E-CBF4-4F00-B409-32B102AB58B8} = {F6CD1E12-5BE6-47F6-8E8A-41B29FB4DDEC}
		{0505B8C1-D836-472D-8BDE-CDE436A8CC32} = {F6CD1E12-5BE6-47F6-8E8A-41B29FB4DDEC}
		{04C49558-B255-460E-A7E4-D21FDCD9BAF9} = {F6CD1E12-5BE6-47F6-8E8A-41B29FB4DDEC}
		{817F3B10-CD1D-4209-8470-4E12EB605AB5} = {4F57823E-CBF4-4F00-B409-32B102AB58B8}
		{9B31C41D-7655-4CBB-AA34-E59F09D4FD8E} = {0505B8C1-D836-472D-8BDE-CDE436A8CC32}
		{CF965026-60E5-460E-BEB9-D544CB6AD991} = {04C49558-B255-460E-A7E4-D21FDCD9BAF9}
		{367EDDA8-3D23-485A-A59B-DB5827D48160} = {BAA04909-CF33-44CC-9DC6-E5B12F4186D9}
	EndGlobalSection
	GlobalSection(ExtensibilityGlobals) = postSolution
		SolutionGuid = {ACA00A42-E8A4-457C-935E-F142B96805FE}
	EndGlobalSection
EndGlobal
